
Microsoft Visual Studio Solution File, Format Version 12.00
# Visual Studio for Mac
Project("{FAE04EC0-301F-11D3-BF4B-00C04F79EFBC}") = "crosswordgenerator.Plugins", "crosswordgenerator.Plugins.csproj", "{6D48E333-AAF7-6070-9C5F-D1CCA2A1106D}"
EndProject
Project("{FAE04EC0-301F-11D3-BF4B-00C04F79EFBC}") = "crosswordgenerator", "crosswordgenerator.csproj", "{17D6A039-5497-DDE6-DFFF-D90AE02FEECE}"
EndProject
Project("{FAE04EC0-301F-11D3-BF4B-00C04F79EFBC}") = "crosswordgenerator.Editor", "crosswordgenerator.Editor.csproj", "{0B9F7CE7-34DC-5EF6-2721-1E134EDDE810}"
EndProject
Global
	GlobalSection(SolutionConfigurationPlatforms) = preSolution
		Debug|Any CPU = Debug|Any CPU
		Release|Any CPU = Release|Any CPU
	EndGlobalSection
	GlobalSection(ProjectConfigurationPlatforms) = postSolution
		{6D48E333-AAF7-6070-9C5F-D1CCA2A1106D}.Debug|Any CPU.ActiveCfg = Debug|Any CPU
		{6D48E333-AAF7-6070-9C5F-D1CCA2A1106D}.Debug|Any CPU.Build.0 = Debug|Any CPU
		{6D48E333-AAF7-6070-9C5F-D1CCA2A1106D}.Release|Any CPU.ActiveCfg = Release|Any CPU
		{6D48E333-AAF7-6070-9C5F-D1CCA2A1106D}.Release|Any CPU.Build.0 = Release|Any CPU
		{17D6A039-5497-DDE6-DFFF-D90AE02FEECE}.Debug|Any CPU.ActiveCfg = Debug|Any CPU
		{17D6A039-5497-DDE6-DFFF-D90AE02FEECE}.Debug|Any CPU.Build.0 = Debug|Any CPU
		{17D6A039-5497-DDE6-DFFF-D90AE02FEECE}.Release|Any CPU.ActiveCfg = Release|Any CPU
		{17D6A039-5497-DDE6-DFFF-D90AE02FEECE}.Release|Any CPU.Build.0 = Release|Any CPU
		{0B9F7CE7-34DC-5EF6-2721-1E134EDDE810}.Debug|Any CPU.ActiveCfg = Debug|Any CPU
		{0B9F7CE7-34DC-5EF6-2721-1E134EDDE810}.Debug|Any CPU.Build.0 = Debug|Any CPU
		{0B9F7CE7-34DC-5EF6-2721-1E134EDDE810}.Release|Any CPU.ActiveCfg = Release|Any CPU
		{0B9F7CE7-34DC-5EF6-2721-1E134EDDE810}.Release|Any CPU.Build.0 = Release|Any CPU
	EndGlobalSection
	GlobalSection(SolutionProperties) = preSolution
		HideSolutionNode = FALSE
	EndGlobalSection
EndGlobal
